{
  "pins" : [
    {
      "identity" : "angstrom",
      "kind" : "remoteSourceControl",
      "location" : "https://github.com/pacificsky/angstrom.git",
      "state" : {
        "revision" : "1e67c383eda6be8cecd2da91ffa67adc620a408b",
        "version" : "1.3.0"
      }
    },
    {
      "identity" : "sentry-cocoa",
      "kind" : "remoteSourceControl",
      "location" : "https://github.com/getsentry/sentry-cocoa.git",
      "state" : {
        "revision" : "00a2fec32ea665b81e406419e078bb713238e23f",
        "version" : "9.19.0"
      }
    }
  ],
  "version" : 2
}
