{
  "pins" : [
    {
      "identity" : "angstrom",
      "kind" : "remoteSourceControl",
      "location" : "https://github.com/pacificsky/angstrom.git",
      "state" : {
        "revision" : "191be2003627f44fe5a770eeabb8a8b4138808d3",
        "version" : "1.1.0"
      }
    }
  ],
  "version" : 2
}
